
Microsoft Visual Studio Solution File, Format Version 12.00
# Visual Studio Version 16
VisualStudioVersion = 16.0.30523.141
MinimumVisualStudioVersion = 10.0.40219.1
Project("{FAE04EC0-301F-11D3-BF4B-00C04F79EFBC}") = "MVCDBApp", "MVCDBApp\MVCDBApp.csproj", "{3694D6D2-1B4E-4A77-BBBE-416F4C25850F}"
EndProject
Project("{FAE04EC0-301F-11D3-BF4B-00C04F79EFBC}") = "DataLibrary", "DataLibrary\DataLibrary.csproj", "{CE73DE47-D5EC-4C5B-B0BB-0582B457B6E2}"
EndProject
Project("{00D1A9C2-B5F0-4AF3-8072-F6C62B433612}") = "MVCDemoDB", "MVCDemoDB\MVCDemoDB.sqlproj", "{94CE3240-0AAC-46B8-92F4-76F7D2F85F09}"
EndProject
Global
	GlobalSection(SolutionConfigurationPlatforms) = preSolution
		Debug|Any CPU = Debug|Any CPU
		Release|Any CPU = Release|Any CPU
	EndGlobalSection
	GlobalSection(ProjectConfigurationPlatforms) = postSolution
		{3694D6D2-1B4E-4A77-BBBE-416F4C25850F}.Debug|Any CPU.ActiveCfg = Debug|Any CPU
		{3694D6D2-1B4E-4A77-BBBE-416F4C25850F}.Debug|Any CPU.Build.0 = Debug|Any CPU
		{3694D6D2-1B4E-4A77-BBBE-416F4C25850F}.Release|Any CPU.ActiveCfg = Release|Any CPU
		{3694D6D2-1B4E-4A77-BBBE-416F4C25850F}.Release|Any CPU.Build.0 = Release|Any CPU
		{CE73DE47-D5EC-4C5B-B0BB-0582B457B6E2}.Debug|Any CPU.ActiveCfg = Debug|Any CPU
		{CE73DE47-D5EC-4C5B-B0BB-0582B457B6E2}.Debug|Any CPU.Build.0 = Debug|Any CPU
		{CE73DE47-D5EC-4C5B-B0BB-0582B457B6E2}.Release|Any CPU.ActiveCfg = Release|Any CPU
		{CE73DE47-D5EC-4C5B-B0BB-0582B457B6E2}.Release|Any CPU.Build.0 = Release|Any CPU
		{94CE3240-0AAC-46B8-92F4-76F7D2F85F09}.Debug|Any CPU.ActiveCfg = Debug|Any CPU
		{94CE3240-0AAC-46B8-92F4-76F7D2F85F09}.Debug|Any CPU.Build.0 = Debug|Any CPU
		{94CE3240-0AAC-46B8-92F4-76F7D2F85F09}.Debug|Any CPU.Deploy.0 = Debug|Any CPU
		{94CE3240-0AAC-46B8-92F4-76F7D2F85F09}.Release|Any CPU.ActiveCfg = Release|Any CPU
		{94CE3240-0AAC-46B8-92F4-76F7D2F85F09}.Release|Any CPU.Build.0 = Release|Any CPU
		{94CE3240-0AAC-46B8-92F4-76F7D2F85F09}.Release|Any CPU.Deploy.0 = Release|Any CPU
	EndGlobalSection
	GlobalSection(SolutionProperties) = preSolution
		HideSolutionNode = FALSE
	EndGlobalSection
	GlobalSection(ExtensibilityGlobals) = postSolution
		SolutionGuid = {08151111-BB3B-466C-8567-E65078904BC3}
	EndGlobalSection
EndGlobal
